---
platforms:
  :branch: master
  :commit: 9a27b1a96bde627440d45ff909ef69a3554fae58
dream-client:
  :branch: master
  :commit: eb88823af0cbce66782fe6458217b0dd085cce4f
opencv:
  :branch: master
  :commit: 3d1c26836ee119e6f7f214b8ec8a0408a41bb7ed
transform-flow:
  :branch: master
  :commit: 87b3b68f57a22bbb1628307241fc687fa2d16bec
variants:
  :branch: master
  :commit: bda2094f2b4ddca7d81320775a88147f6c6e4e84
platform-linux:
  :branch: master
  :commit: f3f41a9191324f6adedf0616cf6887cfd65fe3bc
opengl3-headers:
  :branch: master
  :commit: de68c258eca6fb48e5a6eca53f0a14b68f01652e
build-clang:
  :branch: master
  :commit: 29cc828ce09818857e0183bc9dda8ae9380f90c2
build-linux:
  :branch: master
  :commit: 7d869e21397be69c71f44208f7be46972e6001b9
