---
dream-client:
  :branch: master
  :commit: eb88823af0cbce66782fe6458217b0dd085cce4f
transform-flow:
  :branch: master
  :commit: 8e6035e9840720cdf3351d0a91877a45aecf9e1f
dream:
  :branch: master
  :commit: 0d67847d485101f753e9e69dd380a7493ccaa96d
dream-imaging:
  :branch: master
  :commit: 4401546bb057283b1524955f772e3f6da2935bc2
opencv:
  :branch: master
  :commit: 3d1c26836ee119e6f7f214b8ec8a0408a41bb7ed
utf8:
  :branch: master
  :commit: 299d10bd57a4deda3e7f8ea0744d1be258b51d2b
euclid:
  :branch: master
  :commit: bfbb6661efe125554c489f28c26c8ddb1475f686
unit-test:
  :branch: master
  :commit: 90d9132fc11641d3cdef1e642325b75b2b48ab3a
png:
  :branch: master
  :commit: fbb8e7e1e8d68de4d6b533f3941af7739f8939a2
jpeg:
  :branch: master
  :commit: 30e2b40cd316e49d115425c92c82029a7806dd2b
platforms:
  :branch: master
  :commit: 517d7d998edad1e56106c2751cf9dfb686d79ea5
variants:
  :branch: master
  :commit: 6f3c1de3c0a6254e1fed58fc68fd8a96218f28e7
platform-darwin-osx:
  :branch: master
  :commit: f4d44599a7377f077767f4056c603b03f6e20a98
platform-darwin-ios:
  :branch: master
  :commit: 3aac5dcd28f8a13db7891e230b621fa95f060636
dream-audio-openal:
  :branch: master
  :commit: b9272d4922407fbaabae28fa2d830aab6ceea5bc
dream-text:
  :branch: master
  :commit: 15bc9f5349a885b2249011f2e0838b16a42d954a
dream-graphics:
  :branch: master
  :commit: eed31d2bc82de76e1230784f6af176cb34072dd0
dream-display:
  :branch: master
  :commit: 6eeed4aa8277e6890416874c0d4cbee956a10991
vorbis:
  :branch: master
  :commit: 1bd990a3b98f8433b36f118378a9d16fe0c4c0ea
freetype:
  :branch: master
  :commit: 3a4a691e83307d2e757ce92b12fa7287bf64dc33
ogg:
  :branch: master
  :commit: 0ef5d5888cc1a9a59b9251fae2fe3e0d87f0995c
project:
  :branch: master
  :commit: 9269ab129b71e61936df380fe365f3a7f03f291b
dream-display-osx:
  :branch: master
  :commit: 62061ed493bb2a470efe45fbb974b5f1c8f5bab0
dream-display-ios:
  :branch: master
  :commit: 137cddfb92169b8b3d886f2401f7fb3bed59385a
